// !$*UTF8*$!
{
	archiveVersion = 1;
	classes = {
	};
	objectVersion = 46;
	objects = {

/* Begin PBXBuildFile section */
		D1269DF91C83584200C6F728 /* README.md in Sources */ = {isa = PBXBuildFile; fileRef = D1269DF81C83584200C6F728 /* README.md */; };
		D1269E021C84ACBB00C6F728 /* XSourceNoteStorage.m in Sources */ = {isa = PBXBuildFile; fileRef = D1269E011C84ACBB00C6F728 /* XSourceNoteStorage.m */; };
		D1499C331C8BDFA30099AECE /* XSourceNoteTableCellView.m in Sources */ = {isa = PBXBuildFile; fileRef = D1499C321C8BDFA30099AECE /* XSourceNoteTableCellView.m */; };
		D158AB0D1C91CDFB0009DBE6 /* XSourceNoteDataset.m in Sources */ = {isa = PBXBuildFile; fileRef = D158AB0C1C91CDFB0009DBE6 /* XSourceNoteDataset.m */; };
		D158AB101C91CFB80009DBE6 /* XSourceNoteCodeViewer.m in Sources */ = {isa = PBXBuildFile; fileRef = D158AB0F1C91CFB80009DBE6 /* XSourceNoteCodeViewer.m */; };
		D17825C81C8B31A4005F78FE /* XSourceNoteTableView.m in Sources */ = {isa = PBXBuildFile; fileRef = D17825C71C8B31A4005F78FE /* XSourceNoteTableView.m */; };
		D18CDBFD1C8DD535003651E8 /* XSNote+CoreDataProperties.m in Sources */ = {isa = PBXBuildFile; fileRef = D18CDBF61C8DD535003651E8 /* XSNote+CoreDataProperties.m */; };
		D18CDBFE1C8DD535003651E8 /* XSNote.m in Sources */ = {isa = PBXBuildFile; fileRef = D18CDBF81C8DD535003651E8 /* XSNote.m */; };
		D18CDBFF1C8DD535003651E8 /* XSStore+CoreDataProperties.m in Sources */ = {isa = PBXBuildFile; fileRef = D18CDBFA1C8DD535003651E8 /* XSStore+CoreDataProperties.m */; };
		D18CDC001C8DD535003651E8 /* XSStore.m in Sources */ = {isa = PBXBuildFile; fileRef = D18CDBFC1C8DD535003651E8 /* XSStore.m */; };
		D18CDC031C9058C2003651E8 /* XSourceNoteFormatter.m in Sources */ = {isa = PBXBuildFile; fileRef = D18CDC021C9058C2003651E8 /* XSourceNoteFormatter.m */; };
		D18CDC0C1C91C5F8003651E8 /* XSourceNoteTextView.m in Sources */ = {isa = PBXBuildFile; fileRef = D18CDC0B1C91C5F8003651E8 /* XSourceNoteTextView.m */; };
		D1AA5D881C820788005DC6A7 /* JRSwizzle.m in Sources */ = {isa = PBXBuildFile; fileRef = D1AA5D871C820788005DC6A7 /* JRSwizzle.m */; };
		D1AA5D9E1C820799005DC6A7 /* MASDictionaryTransformer.m in Sources */ = {isa = PBXBuildFile; fileRef = D1AA5D8B1C820799005DC6A7 /* MASDictionaryTransformer.m */; };
		D1AA5D9F1C820799005DC6A7 /* MASHotKey.m in Sources */ = {isa = PBXBuildFile; fileRef = D1AA5D8D1C820799005DC6A7 /* MASHotKey.m */; };
		D1AA5DA01C820799005DC6A7 /* MASLocalization.m in Sources */ = {isa = PBXBuildFile; fileRef = D1AA5D901C820799005DC6A7 /* MASLocalization.m */; };
		D1AA5DA11C820799005DC6A7 /* MASShortcut.m in Sources */ = {isa = PBXBuildFile; fileRef = D1AA5D921C820799005DC6A7 /* MASShortcut.m */; };
		D1AA5DA21C820799005DC6A7 /* MASShortcutBinder.m in Sources */ = {isa = PBXBuildFile; fileRef = D1AA5D941C820799005DC6A7 /* MASShortcutBinder.m */; };
		D1AA5DA31C820799005DC6A7 /* MASShortcutMonitor.m in Sources */ = {isa = PBXBuildFile; fileRef = D1AA5D961C820799005DC6A7 /* MASShortcutMonitor.m */; };
		D1AA5DA41C820799005DC6A7 /* MASShortcutValidator.m in Sources */ = {isa = PBXBuildFile; fileRef = D1AA5D981C820799005DC6A7 /* MASShortcutValidator.m */; };
		D1AA5DA51C820799005DC6A7 /* MASShortcutView+Bindings.m in Sources */ = {isa = PBXBuildFile; fileRef = D1AA5D9A1C820799005DC6A7 /* MASShortcutView+Bindings.m */; };
		D1AA5DA61C820799005DC6A7 /* MASShortcutView.m in Sources */ = {isa = PBXBuildFile; fileRef = D1AA5D9C1C820799005DC6A7 /* MASShortcutView.m */; };
		D1AA5DB11C8208F8005DC6A7 /* XSourceNote.xcdatamodeld in Sources */ = {isa = PBXBuildFile; fileRef = D1AA5DAF1C8208F8005DC6A7 /* XSourceNote.xcdatamodeld */; };
		D1AA5DC01C8209D2005DC6A7 /* DVTTextSidebarView+XSourceNote.m in Sources */ = {isa = PBXBuildFile; fileRef = D1AA5DB31C8209D2005DC6A7 /* DVTTextSidebarView+XSourceNote.m */; };
		D1AA5DC11C8209D2005DC6A7 /* XSourceNoteDefaults.m in Sources */ = {isa = PBXBuildFile; fileRef = D1AA5DB51C8209D2005DC6A7 /* XSourceNoteDefaults.m */; };
		D1AA5DC21C8209D2005DC6A7 /* XSourceNoteModel.m in Sources */ = {isa = PBXBuildFile; fileRef = D1AA5DB71C8209D2005DC6A7 /* XSourceNoteModel.m */; };
		D1AA5DC31C8209D2005DC6A7 /* XSourceNotePreferencesWindowController.m in Sources */ = {isa = PBXBuildFile; fileRef = D1AA5DB91C8209D2005DC6A7 /* XSourceNotePreferencesWindowController.m */; };
		D1AA5DC41C8209D2005DC6A7 /* XSourceNotePreferencesWindowController.xib in Resources */ = {isa = PBXBuildFile; fileRef = D1AA5DBA1C8209D2005DC6A7 /* XSourceNotePreferencesWindowController.xib */; };
		D1AA5DC51C8209D2005DC6A7 /* XSourceNoteUtil.m in Sources */ = {isa = PBXBuildFile; fileRef = D1AA5DBC1C8209D2005DC6A7 /* XSourceNoteUtil.m */; };
		D1AA5DC61C8209D2005DC6A7 /* XSourceNoteWindowController.m in Sources */ = {isa = PBXBuildFile; fileRef = D1AA5DBE1C8209D2005DC6A7 /* XSourceNoteWindowController.m */; };
		D1AA5DC71C8209D2005DC6A7 /* XSourceNoteWindowController.xib in Resources */ = {isa = PBXBuildFile; fileRef = D1AA5DBF1C8209D2005DC6A7 /* XSourceNoteWindowController.xib */; };
		D1AA5DC91C820B25005DC6A7 /* DevToolsCore.framework in Frameworks */ = {isa = PBXBuildFile; fileRef = D1AA5DC81C820B25005DC6A7 /* DevToolsCore.framework */; };
		D1AA5DCB1C820B3E005DC6A7 /* IDEFoundation.framework in Frameworks */ = {isa = PBXBuildFile; fileRef = D1AA5DCA1C820B3E005DC6A7 /* IDEFoundation.framework */; };
		D1AA5DCD1C820B46005DC6A7 /* IDEKit.framework in Frameworks */ = {isa = PBXBuildFile; fileRef = D1AA5DCC1C820B46005DC6A7 /* IDEKit.framework */; };
		D1AA5DCF1C820B5B005DC6A7 /* Cocoa.framework in Frameworks */ = {isa = PBXBuildFile; fileRef = D1AA5DCE1C820B5B005DC6A7 /* Cocoa.framework */; };
		D1AA5DD11C820B71005DC6A7 /* DVTFoundation.framework in Frameworks */ = {isa = PBXBuildFile; fileRef = D1AA5DD01C820B71005DC6A7 /* DVTFoundation.framework */; };
		D1AA5DD31C820B80005DC6A7 /* DVTKit.framework in Frameworks */ = {isa = PBXBuildFile; fileRef = D1AA5DD21C820B80005DC6A7 /* DVTKit.framework */; };
		D1AF1FBC1C664BD100CECB8B /* AppKit.framework in Frameworks */ = {isa = PBXBuildFile; fileRef = D1AF1FBB1C664BD100CECB8B /* AppKit.framework */; };
		D1AF1FBE1C664BD100CECB8B /* Foundation.framework in Frameworks */ = {isa = PBXBuildFile; fileRef = D1AF1FBD1C664BD100CECB8B /* Foundation.framework */; };
		D1AF1FC21C664BD100CECB8B /* XSourceNote.xcscheme in Resources */ = {isa = PBXBuildFile; fileRef = D1AF1FC11C664BD100CECB8B /* XSourceNote.xcscheme */; };
		D1AF1FC51C664BD100CECB8B /* XSourceNote.m in Sources */ = {isa = PBXBuildFile; fileRef = D1AF1FC41C664BD100CECB8B /* XSourceNote.m */; };
		D1AF1FC81C664BD100CECB8B /* NSObject_Extension.m in Sources */ = {isa = PBXBuildFile; fileRef = D1AF1FC71C664BD100CECB8B /* NSObject_Extension.m */; };
/* End PBXBuildFile section */

/* Begin PBXFileReference section */
		D1269DF81C83584200C6F728 /* README.md */ = {isa = PBXFileReference; fileEncoding = 4; lastKnownFileType = net.daringfireball.markdown; path = README.md; sourceTree = "<group>"; };
		D1269E001C84ACBB00C6F728 /* XSourceNoteStorage.h */ = {isa = PBXFileReference; fileEncoding = 4; lastKnownFileType = sourcecode.c.h; path = XSourceNoteStorage.h; sourceTree = "<group>"; };
		D1269E011C84ACBB00C6F728 /* XSourceNoteStorage.m */ = {isa = PBXFileReference; fileEncoding = 4; lastKnownFileType = sourcecode.c.objc; path = XSourceNoteStorage.m; sourceTree = "<group>"; };
		D1499C311C8BDFA30099AECE /* XSourceNoteTableCellView.h */ = {isa = PBXFileReference; fileEncoding = 4; lastKnownFileType = sourcecode.c.h; path = XSourceNoteTableCellView.h; sourceTree = "<group>"; };
		D1499C321C8BDFA30099AECE /* XSourceNoteTableCellView.m */ = {isa = PBXFileReference; fileEncoding = 4; lastKnownFileType = sourcecode.c.objc; path = XSourceNoteTableCellView.m; sourceTree = "<group>"; };
		D158AB0B1C91CDFB0009DBE6 /* XSourceNoteDataset.h */ = {isa = PBXFileReference; fileEncoding = 4; lastKnownFileType = sourcecode.c.h; path = XSourceNoteDataset.h; sourceTree = "<group>"; };
		D158AB0C1C91CDFB0009DBE6 /* XSourceNoteDataset.m */ = {isa = PBXFileReference; fileEncoding = 4; lastKnownFileType = sourcecode.c.objc; path = XSourceNoteDataset.m; sourceTree = "<group>"; };
		D158AB0E1C91CFB80009DBE6 /* XSourceNoteCodeViewer.h */ = {isa = PBXFileReference; fileEncoding = 4; lastKnownFileType = sourcecode.c.h; path = XSourceNoteCodeViewer.h; sourceTree = "<group>"; };
		D158AB0F1C91CFB80009DBE6 /* XSourceNoteCodeViewer.m */ = {isa = PBXFileReference; fileEncoding = 4; lastKnownFileType = sourcecode.c.objc; path = XSourceNoteCodeViewer.m; sourceTree = "<group>"; };
		D17825C61C8B31A4005F78FE /* XSourceNoteTableView.h */ = {isa = PBXFileReference; fileEncoding = 4; lastKnownFileType = sourcecode.c.h; path = XSourceNoteTableView.h; sourceTree = "<group>"; };
		D17825C71C8B31A4005F78FE /* XSourceNoteTableView.m */ = {isa = PBXFileReference; fileEncoding = 4; lastKnownFileType = sourcecode.c.objc; path = XSourceNoteTableView.m; sourceTree = "<group>"; };
		D18CDBF51C8DD535003651E8 /* XSNote+CoreDataProperties.h */ = {isa = PBXFileReference; fileEncoding = 4; lastKnownFileType = sourcecode.c.h; name = "XSNote+CoreDataProperties.h"; path = "Storage/XSNote+CoreDataProperties.h"; sourceTree = "<group>"; };
		D18CDBF61C8DD535003651E8 /* XSNote+CoreDataProperties.m */ = {isa = PBXFileReference; fileEncoding = 4; lastKnownFileType = sourcecode.c.objc; name = "XSNote+CoreDataProperties.m"; path = "Storage/XSNote+CoreDataProperties.m"; sourceTree = "<group>"; };
		D18CDBF71C8DD535003651E8 /* XSNote.h */ = {isa = PBXFileReference; fileEncoding = 4; lastKnownFileType = sourcecode.c.h; name = XSNote.h; path = Storage/XSNote.h; sourceTree = "<group>"; };
		D18CDBF81C8DD535003651E8 /* XSNote.m */ = {isa = PBXFileReference; fileEncoding = 4; lastKnownFileType = sourcecode.c.objc; name = XSNote.m; path = Storage/XSNote.m; sourceTree = "<group>"; };
		D18CDBF91C8DD535003651E8 /* XSStore+CoreDataProperties.h */ = {isa = PBXFileReference; fileEncoding = 4; lastKnownFileType = sourcecode.c.h; name = "XSStore+CoreDataProperties.h"; path = "Storage/XSStore+CoreDataProperties.h"; sourceTree = "<group>"; };
		D18CDBFA1C8DD535003651E8 /* XSStore+CoreDataProperties.m */ = {isa = PBXFileReference; fileEncoding = 4; lastKnownFileType = sourcecode.c.objc; name = "XSStore+CoreDataProperties.m"; path = "Storage/XSStore+CoreDataProperties.m"; sourceTree = "<group>"; };
		D18CDBFB1C8DD535003651E8 /* XSStore.h */ = {isa = PBXFileReference; fileEncoding = 4; lastKnownFileType = sourcecode.c.h; name = XSStore.h; path = Storage/XSStore.h; sourceTree = "<group>"; };
		D18CDBFC1C8DD535003651E8 /* XSStore.m */ = {isa = PBXFileReference; fileEncoding = 4; lastKnownFileType = sourcecode.c.objc; name = XSStore.m; path = Storage/XSStore.m; sourceTree = "<group>"; };
		D18CDC011C9058C2003651E8 /* XSourceNoteFormatter.h */ = {isa = PBXFileReference; fileEncoding = 4; lastKnownFileType = sourcecode.c.h; path = XSourceNoteFormatter.h; sourceTree = "<group>"; };
		D18CDC021C9058C2003651E8 /* XSourceNoteFormatter.m */ = {isa = PBXFileReference; fileEncoding = 4; lastKnownFileType = sourcecode.c.objc; path = XSourceNoteFormatter.m; sourceTree = "<group>"; };
		D18CDC0A1C91C5F8003651E8 /* XSourceNoteTextView.h */ = {isa = PBXFileReference; fileEncoding = 4; lastKnownFileType = sourcecode.c.h; path = XSourceNoteTextView.h; sourceTree = "<group>"; };
		D18CDC0B1C91C5F8003651E8 /* XSourceNoteTextView.m */ = {isa = PBXFileReference; fileEncoding = 4; lastKnownFileType = sourcecode.c.objc; path = XSourceNoteTextView.m; sourceTree = "<group>"; };
		D1AA5D861C820788005DC6A7 /* JRSwizzle.h */ = {isa = PBXFileReference; fileEncoding = 4; lastKnownFileType = sourcecode.c.h; path = JRSwizzle.h; sourceTree = "<group>"; };
		D1AA5D871C820788005DC6A7 /* JRSwizzle.m */ = {isa = PBXFileReference; fileEncoding = 4; lastKnownFileType = sourcecode.c.objc; path = JRSwizzle.m; sourceTree = "<group>"; };
		D1AA5D8A1C820799005DC6A7 /* MASDictionaryTransformer.h */ = {isa = PBXFileReference; fileEncoding = 4; lastKnownFileType = sourcecode.c.h; path = MASDictionaryTransformer.h; sourceTree = "<group>"; };
		D1AA5D8B1C820799005DC6A7 /* MASDictionaryTransformer.m */ = {isa = PBXFileReference; fileEncoding = 4; lastKnownFileType = sourcecode.c.objc; path = MASDictionaryTransformer.m; sourceTree = "<group>"; };
		D1AA5D8C1C820799005DC6A7 /* MASHotKey.h */ = {isa = PBXFileReference; fileEncoding = 4; lastKnownFileType = sourcecode.c.h; path = MASHotKey.h; sourceTree = "<group>"; };
		D1AA5D8D1C820799005DC6A7 /* MASHotKey.m */ = {isa = PBXFileReference; fileEncoding = 4; lastKnownFileType = sourcecode.c.objc; path = MASHotKey.m; sourceTree = "<group>"; };
		D1AA5D8E1C820799005DC6A7 /* MASKeyCodes.h */ = {isa = PBXFileReference; fileEncoding = 4; lastKnownFileType = sourcecode.c.h; path = MASKeyCodes.h; sourceTree = "<group>"; };
		D1AA5D8F1C820799005DC6A7 /* MASLocalization.h */ = {isa = PBXFileReference; fileEncoding = 4; lastKnownFileType = sourcecode.c.h; path = MASLocalization.h; sourceTree = "<group>"; };
		D1AA5D901C820799005DC6A7 /* MASLocalization.m */ = {isa = PBXFileReference; fileEncoding = 4; lastKnownFileType = sourcecode.c.objc; path = MASLocalization.m; sourceTree = "<group>"; };
		D1AA5D911C820799005DC6A7 /* MASShortcut.h */ = {isa = PBXFileReference; fileEncoding = 4; lastKnownFileType = sourcecode.c.h; path = MASShortcut.h; sourceTree = "<group>"; };
		D1AA5D921C820799005DC6A7 /* MASShortcut.m */ = {isa = PBXFileReference; fileEncoding = 4; lastKnownFileType = sourcecode.c.objc; path = MASShortcut.m; sourceTree = "<group>"; };
		D1AA5D931C820799005DC6A7 /* MASShortcutBinder.h */ = {isa = PBXFileReference; fileEncoding = 4; lastKnownFileType = sourcecode.c.h; path = MASShortcutBinder.h; sourceTree = "<group>"; };
		D1AA5D941C820799005DC6A7 /* MASShortcutBinder.m */ = {isa = PBXFileReference; fileEncoding = 4; lastKnownFileType = sourcecode.c.objc; path = MASShortcutBinder.m; sourceTree = "<group>"; };
		D1AA5D951C820799005DC6A7 /* MASShortcutMonitor.h */ = {isa = PBXFileReference; fileEncoding = 4; lastKnownFileType = sourcecode.c.h; path = MASShortcutMonitor.h; sourceTree = "<group>"; };
		D1AA5D961C820799005DC6A7 /* MASShortcutMonitor.m */ = {isa = PBXFileReference; fileEncoding = 4; lastKnownFileType = sourcecode.c.objc; path = MASShortcutMonitor.m; sourceTree = "<group>"; };
		D1AA5D971C820799005DC6A7 /* MASShortcutValidator.h */ = {isa = PBXFileReference; fileEncoding = 4; lastKnownFileType = sourcecode.c.h; path = MASShortcutValidator.h; sourceTree = "<group>"; };
		D1AA5D981C820799005DC6A7 /* MASShortcutValidator.m */ = {isa = PBXFileReference; fileEncoding = 4; lastKnownFileType = sourcecode.c.objc; path = MASShortcutValidator.m; sourceTree = "<group>"; };
		D1AA5D991C820799005DC6A7 /* MASShortcutView+Bindings.h */ = {isa = PBXFileReference; fileEncoding = 4; lastKnownFileType = sourcecode.c.h; path = "MASShortcutView+Bindings.h"; sourceTree = "<group>"; };
		D1AA5D9A1C820799005DC6A7 /* MASShortcutView+Bindings.m */ = {isa = PBXFileReference; fileEncoding = 4; lastKnownFileType = sourcecode.c.objc; path = "MASShortcutView+Bindings.m"; sourceTree = "<group>"; };
		D1AA5D9B1C820799005DC6A7 /* MASShortcutView.h */ = {isa = PBXFileReference; fileEncoding = 4; lastKnownFileType = sourcecode.c.h; path = MASShortcutView.h; sourceTree = "<group>"; };
		D1AA5D9C1C820799005DC6A7 /* MASShortcutView.m */ = {isa = PBXFileReference; fileEncoding = 4; lastKnownFileType = sourcecode.c.objc; path = MASShortcutView.m; sourceTree = "<group>"; };
		D1AA5D9D1C820799005DC6A7 /* Shortcut.h */ = {isa = PBXFileReference; fileEncoding = 4; lastKnownFileType = sourcecode.c.h; path = Shortcut.h; sourceTree = "<group>"; };
		D1AA5DA81C8207A4005DC6A7 /* DVTFoundation.h */ = {isa = PBXFileReference; fileEncoding = 4; lastKnownFileType = sourcecode.c.h; path = DVTFoundation.h; sourceTree = "<group>"; };
		D1AA5DA91C8207A4005DC6A7 /* DVTKit.h */ = {isa = PBXFileReference; fileEncoding = 4; lastKnownFileType = sourcecode.c.h; path = DVTKit.h; sourceTree = "<group>"; };
		D1AA5DAA1C8207A4005DC6A7 /* IDEFoundation.h */ = {isa = PBXFileReference; fileEncoding = 4; lastKnownFileType = sourcecode.c.h; path = IDEFoundation.h; sourceTree = "<group>"; };
		D1AA5DAB1C8207A4005DC6A7 /* IDEKit.h */ = {isa = PBXFileReference; fileEncoding = 4; lastKnownFileType = sourcecode.c.h; path = IDEKit.h; sourceTree = "<group>"; };
		D1AA5DAC1C8207A4005DC6A7 /* IDESourceEditor.h */ = {isa = PBXFileReference; fileEncoding = 4; lastKnownFileType = sourcecode.c.h; path = IDESourceEditor.h; sourceTree = "<group>"; };
		D1AA5DAD1C820814005DC6A7 /* PrefixHeader.pch */ = {isa = PBXFileReference; lastKnownFileType = sourcecode.c.h; path = PrefixHeader.pch; sourceTree = "<group>"; };
		D1AA5DB01C8208F8005DC6A7 /* XSourceNote.xcdatamodel */ = {isa = PBXFileReference; lastKnownFileType = wrapper.xcdatamodel; path = XSourceNote.xcdatamodel; sourceTree = "<group>"; };
		D1AA5DB21C8209D2005DC6A7 /* DVTTextSidebarView+XSourceNote.h */ = {isa = PBXFileReference; fileEncoding = 4; lastKnownFileType = sourcecode.c.h; path = "DVTTextSidebarView+XSourceNote.h"; sourceTree = "<group>"; };
		D1AA5DB31C8209D2005DC6A7 /* DVTTextSidebarView+XSourceNote.m */ = {isa = PBXFileReference; fileEncoding = 4; lastKnownFileType = sourcecode.c.objc; path = "DVTTextSidebarView+XSourceNote.m"; sourceTree = "<group>"; };
		D1AA5DB41C8209D2005DC6A7 /* XSourceNoteDefaults.h */ = {isa = PBXFileReference; fileEncoding = 4; lastKnownFileType = sourcecode.c.h; path = XSourceNoteDefaults.h; sourceTree = "<group>"; };
		D1AA5DB51C8209D2005DC6A7 /* XSourceNoteDefaults.m */ = {isa = PBXFileReference; fileEncoding = 4; lastKnownFileType = sourcecode.c.objc; path = XSourceNoteDefaults.m; sourceTree = "<group>"; };
		D1AA5DB61C8209D2005DC6A7 /* XSourceNoteModel.h */ = {isa = PBXFileReference; fileEncoding = 4; lastKnownFileType = sourcecode.c.h; path = XSourceNoteModel.h; sourceTree = "<group>"; };
		D1AA5DB71C8209D2005DC6A7 /* XSourceNoteModel.m */ = {isa = PBXFileReference; fileEncoding = 4; lastKnownFileType = sourcecode.c.objc; path = XSourceNoteModel.m; sourceTree = "<group>"; };
		D1AA5DB81C8209D2005DC6A7 /* XSourceNotePreferencesWindowController.h */ = {isa = PBXFileReference; fileEncoding = 4; lastKnownFileType = sourcecode.c.h; path = XSourceNotePreferencesWindowController.h; sourceTree = "<group>"; };
		D1AA5DB91C8209D2005DC6A7 /* XSourceNotePreferencesWindowController.m */ = {isa = PBXFileReference; fileEncoding = 4; lastKnownFileType = sourcecode.c.objc; path = XSourceNotePreferencesWindowController.m; sourceTree = "<group>"; };
		D1AA5DBA1C8209D2005DC6A7 /* XSourceNotePreferencesWindowController.xib */ = {isa = PBXFileReference; fileEncoding = 4; lastKnownFileType = file.xib; path = XSourceNotePreferencesWindowController.xib; sourceTree = "<group>"; };
		D1AA5DBB1C8209D2005DC6A7 /* XSourceNoteUtil.h */ = {isa = PBXFileReference; fileEncoding = 4; lastKnownFileType = sourcecode.c.h; path = XSourceNoteUtil.h; sourceTree = "<group>"; };
		D1AA5DBC1C8209D2005DC6A7 /* XSourceNoteUtil.m */ = {isa = PBXFileReference; fileEncoding = 4; lastKnownFileType = sourcecode.c.objc; path = XSourceNoteUtil.m; sourceTree = "<group>"; };
		D1AA5DBD1C8209D2005DC6A7 /* XSourceNoteWindowController.h */ = {isa = PBXFileReference; fileEncoding = 4; lastKnownFileType = sourcecode.c.h; path = XSourceNoteWindowController.h; sourceTree = "<group>"; };
		D1AA5DBE1C8209D2005DC6A7 /* XSourceNoteWindowController.m */ = {isa = PBXFileReference; fileEncoding = 4; lastKnownFileType = sourcecode.c.objc; path = XSourceNoteWindowController.m; sourceTree = "<group>"; };
		D1AA5DBF1C8209D2005DC6A7 /* XSourceNoteWindowController.xib */ = {isa = PBXFileReference; fileEncoding = 4; lastKnownFileType = file.xib; path = XSourceNoteWindowController.xib; sourceTree = "<group>"; };
		D1AA5DC81C820B25005DC6A7 /* DevToolsCore.framework */ = {isa = PBXFileReference; lastKnownFileType = wrapper.framework; name = DevToolsCore.framework; path = ../../../../Applications/Xcode.app/Contents/OtherFrameworks/DevToolsCore.framework; sourceTree = "<group>"; };
		D1AA5DCA1C820B3E005DC6A7 /* IDEFoundation.framework */ = {isa = PBXFileReference; lastKnownFileType = wrapper.framework; name = IDEFoundation.framework; path = ../../../../Applications/Xcode.app/Contents/Frameworks/IDEFoundation.framework; sourceTree = "<group>"; };
		D1AA5DCC1C820B46005DC6A7 /* IDEKit.framework */ = {isa = PBXFileReference; lastKnownFileType = wrapper.framework; name = IDEKit.framework; path = ../../../../Applications/Xcode.app/Contents/Frameworks/IDEKit.framework; sourceTree = "<group>"; };
		D1AA5DCE1C820B5B005DC6A7 /* Cocoa.framework */ = {isa = PBXFileReference; lastKnownFileType = wrapper.framework; name = Cocoa.framework; path = System/Library/Frameworks/Cocoa.framework; sourceTree = SDKROOT; };
		D1AA5DD01C820B71005DC6A7 /* DVTFoundation.framework */ = {isa = PBXFileReference; lastKnownFileType = wrapper.framework; name = DVTFoundation.framework; path = ../../../../Applications/Xcode.app/Contents/SharedFrameworks/DVTFoundation.framework; sourceTree = "<group>"; };
		D1AA5DD21C820B80005DC6A7 /* DVTKit.framework */ = {isa = PBXFileReference; lastKnownFileType = wrapper.framework; name = DVTKit.framework; path = ../../../../Applications/Xcode.app/Contents/SharedFrameworks/DVTKit.framework; sourceTree = "<group>"; };
		D1AF1FB81C664BD100CECB8B /* XSourceNote.xcplugin */ = {isa = PBXFileReference; explicitFileType = wrapper.cfbundle; includeInIndex = 0; path = XSourceNote.xcplugin; sourceTree = BUILT_PRODUCTS_DIR; };
		D1AF1FBB1C664BD100CECB8B /* AppKit.framework */ = {isa = PBXFileReference; lastKnownFileType = wrapper.framework; name = AppKit.framework; path = /System/Library/Frameworks/AppKit.framework; sourceTree = "<absolute>"; };
		D1AF1FBD1C664BD100CECB8B /* Foundation.framework */ = {isa = PBXFileReference; lastKnownFileType = wrapper.framework; name = Foundation.framework; path = /System/Library/Frameworks/Foundation.framework; sourceTree = "<absolute>"; };
		D1AF1FC11C664BD100CECB8B /* XSourceNote.xcscheme */ = {isa = PBXFileReference; lastKnownFileType = text.xml; name = XSourceNote.xcscheme; path = XSourceNote.xcodeproj/xcshareddata/xcschemes/XSourceNote.xcscheme; sourceTree = SOURCE_ROOT; };
		D1AF1FC31C664BD100CECB8B /* XSourceNote.h */ = {isa = PBXFileReference; lastKnownFileType = sourcecode.c.h; path = XSourceNote.h; sourceTree = "<group>"; };
		D1AF1FC41C664BD100CECB8B /* XSourceNote.m */ = {isa = PBXFileReference; lastKnownFileType = sourcecode.c.objc; path = XSourceNote.m; sourceTree = "<group>"; };
		D1AF1FC61C664BD100CECB8B /* NSObject_Extension.h */ = {isa = PBXFileReference; lastKnownFileType = sourcecode.c.h; path = NSObject_Extension.h; sourceTree = "<group>"; };
		D1AF1FC71C664BD100CECB8B /* NSObject_Extension.m */ = {isa = PBXFileReference; lastKnownFileType = sourcecode.c.objc; path = NSObject_Extension.m; sourceTree = "<group>"; };
		D1AF1FC91C664BD100CECB8B /* Info.plist */ = {isa = PBXFileReference; lastKnownFileType = text.plist.xml; path = Info.plist; sourceTree = "<group>"; };
/* End PBXFileReference section */

/* Begin PBXFrameworksBuildPhase section */
		D1AF1FB61C664BD100CECB8B /* Frameworks */ = {
			isa = PBXFrameworksBuildPhase;
			buildActionMask = 2147483647;
			files = (
				D1AA5DC91C820B25005DC6A7 /* DevToolsCore.framework in Frameworks */,
				D1AF1FBC1C664BD100CECB8B /* AppKit.framework in Frameworks */,
				D1AF1FBE1C664BD100CECB8B /* Foundation.framework in Frameworks */,
				D1AA5DCB1C820B3E005DC6A7 /* IDEFoundation.framework in Frameworks */,
				D1AA5DCD1C820B46005DC6A7 /* IDEKit.framework in Frameworks */,
				D1AA5DCF1C820B5B005DC6A7 /* Cocoa.framework in Frameworks */,
				D1AA5DD11C820B71005DC6A7 /* DVTFoundation.framework in Frameworks */,
				D1AA5DD31C820B80005DC6A7 /* DVTKit.framework in Frameworks */,
			);
			runOnlyForDeploymentPostprocessing = 0;
		};
/* End PBXFrameworksBuildPhase section */

/* Begin PBXGroup section */
		D18CDC0D1C91C60F003651E8 /* ViewController */ = {
			isa = PBXGroup;
			children = (
				D1AA5DBD1C8209D2005DC6A7 /* XSourceNoteWindowController.h */,
				D1AA5DBE1C8209D2005DC6A7 /* XSourceNoteWindowController.m */,
				D1AA5DBF1C8209D2005DC6A7 /* XSourceNoteWindowController.xib */,
				D1AA5DB81C8209D2005DC6A7 /* XSourceNotePreferencesWindowController.h */,
				D1AA5DB91C8209D2005DC6A7 /* XSourceNotePreferencesWindowController.m */,
				D1AA5DBA1C8209D2005DC6A7 /* XSourceNotePreferencesWindowController.xib */,
			);
			name = ViewController;
			sourceTree = "<group>";
		};
		D18CDC0E1C91C624003651E8 /* Plugin */ = {
			isa = PBXGroup;
			children = (
				D1AF1FC31C664BD100CECB8B /* XSourceNote.h */,
				D1AF1FC41C664BD100CECB8B /* XSourceNote.m */,
				D1AF1FC61C664BD100CECB8B /* NSObject_Extension.h */,
				D1AF1FC71C664BD100CECB8B /* NSObject_Extension.m */,
				D1AA5DB21C8209D2005DC6A7 /* DVTTextSidebarView+XSourceNote.h */,
				D1AA5DB31C8209D2005DC6A7 /* DVTTextSidebarView+XSourceNote.m */,
			);
			name = Plugin;
			sourceTree = "<group>";
		};
		D18CDC0F1C91C660003651E8 /* Dataset */ = {
			isa = PBXGroup;
			children = (
				D158AB0B1C91CDFB0009DBE6 /* XSourceNoteDataset.h */,
				D158AB0C1C91CDFB0009DBE6 /* XSourceNoteDataset.m */,
				D1AA5DB41C8209D2005DC6A7 /* XSourceNoteDefaults.h */,
				D1AA5DB51C8209D2005DC6A7 /* XSourceNoteDefaults.m */,
				D1AA5DB61C8209D2005DC6A7 /* XSourceNoteModel.h */,
				D1AA5DB71C8209D2005DC6A7 /* XSourceNoteModel.m */,
				D1AA5DBB1C8209D2005DC6A7 /* XSourceNoteUtil.h */,
				D1AA5DBC1C8209D2005DC6A7 /* XSourceNoteUtil.m */,
				D18CDC011C9058C2003651E8 /* XSourceNoteFormatter.h */,
				D18CDC021C9058C2003651E8 /* XSourceNoteFormatter.m */,
			);
			name = Dataset;
			sourceTree = "<group>";
		};
		D18CDC101C91C67D003651E8 /* SubViews */ = {
			isa = PBXGroup;
			children = (
				D17825C61C8B31A4005F78FE /* XSourceNoteTableView.h */,
				D17825C71C8B31A4005F78FE /* XSourceNoteTableView.m */,
				D1499C311C8BDFA30099AECE /* XSourceNoteTableCellView.h */,
				D1499C321C8BDFA30099AECE /* XSourceNoteTableCellView.m */,
				D18CDC0A1C91C5F8003651E8 /* XSourceNoteTextView.h */,
				D18CDC0B1C91C5F8003651E8 /* XSourceNoteTextView.m */,
				D158AB0E1C91CFB80009DBE6 /* XSourceNoteCodeViewer.h */,
				D158AB0F1C91CFB80009DBE6 /* XSourceNoteCodeViewer.m */,
			);
			name = SubViews;
			sourceTree = "<group>";
		};
		D1AA5D851C820788005DC6A7 /* JRSwizzle */ = {
			isa = PBXGroup;
			children = (
				D1AA5D861C820788005DC6A7 /* JRSwizzle.h */,
				D1AA5D871C820788005DC6A7 /* JRSwizzle.m */,
			);
			path = JRSwizzle;
			sourceTree = "<group>";
		};
		D1AA5D891C820799005DC6A7 /* MASShortcut */ = {
			isa = PBXGroup;
			children = (
				D1AA5D8A1C820799005DC6A7 /* MASDictionaryTransformer.h */,
				D1AA5D8B1C820799005DC6A7 /* MASDictionaryTransformer.m */,
				D1AA5D8C1C820799005DC6A7 /* MASHotKey.h */,
				D1AA5D8D1C820799005DC6A7 /* MASHotKey.m */,
				D1AA5D8E1C820799005DC6A7 /* MASKeyCodes.h */,
				D1AA5D8F1C820799005DC6A7 /* MASLocalization.h */,
				D1AA5D901C820799005DC6A7 /* MASLocalization.m */,
				D1AA5D911C820799005DC6A7 /* MASShortcut.h */,
				D1AA5D921C820799005DC6A7 /* MASShortcut.m */,
				D1AA5D931C820799005DC6A7 /* MASShortcutBinder.h */,
				D1AA5D941C820799005DC6A7 /* MASShortcutBinder.m */,
				D1AA5D951C820799005DC6A7 /* MASShortcutMonitor.h */,
				D1AA5D961C820799005DC6A7 /* MASShortcutMonitor.m */,
				D1AA5D971C820799005DC6A7 /* MASShortcutValidator.h */,
				D1AA5D981C820799005DC6A7 /* MASShortcutValidator.m */,
				D1AA5D991C820799005DC6A7 /* MASShortcutView+Bindings.h */,
				D1AA5D9A1C820799005DC6A7 /* MASShortcutView+Bindings.m */,
				D1AA5D9B1C820799005DC6A7 /* MASShortcutView.h */,
				D1AA5D9C1C820799005DC6A7 /* MASShortcutView.m */,
				D1AA5D9D1C820799005DC6A7 /* Shortcut.h */,
			);
			path = MASShortcut;
			sourceTree = "<group>";
		};
		D1AA5DA71C8207A4005DC6A7 /* XcodeHeaders */ = {
			isa = PBXGroup;
			children = (
				D1AA5DA81C8207A4005DC6A7 /* DVTFoundation.h */,
				D1AA5DA91C8207A4005DC6A7 /* DVTKit.h */,
				D1AA5DAA1C8207A4005DC6A7 /* IDEFoundation.h */,
				D1AA5DAB1C8207A4005DC6A7 /* IDEKit.h */,
				D1AA5DAC1C8207A4005DC6A7 /* IDESourceEditor.h */,
			);
			path = XcodeHeaders;
			sourceTree = "<group>";
		};
		D1AA5DAE1C8208C9005DC6A7 /* Storage */ = {
			isa = PBXGroup;
			children = (
				D18CDBF51C8DD535003651E8 /* XSNote+CoreDataProperties.h */,
				D18CDBF61C8DD535003651E8 /* XSNote+CoreDataProperties.m */,
				D18CDBF71C8DD535003651E8 /* XSNote.h */,
				D18CDBF81C8DD535003651E8 /* XSNote.m */,
				D18CDBF91C8DD535003651E8 /* XSStore+CoreDataProperties.h */,
				D18CDBFA1C8DD535003651E8 /* XSStore+CoreDataProperties.m */,
				D18CDBFB1C8DD535003651E8 /* XSStore.h */,
				D18CDBFC1C8DD535003651E8 /* XSStore.m */,
				D1AA5DAF1C8208F8005DC6A7 /* XSourceNote.xcdatamodeld */,
				D1269E001C84ACBB00C6F728 /* XSourceNoteStorage.h */,
				D1269E011C84ACBB00C6F728 /* XSourceNoteStorage.m */,
			);
			name = Storage;
			sourceTree = "<group>";
		};
		D1AF1FAF1C664BD100CECB8B = {
			isa = PBXGroup;
			children = (
				D1269DF81C83584200C6F728 /* README.md */,
				D1AF1FBF1C664BD100CECB8B /* XSourceNote */,
				D1AF1FBA1C664BD100CECB8B /* Frameworks */,
				D1AF1FB91C664BD100CECB8B /* Products */,
			);
			sourceTree = "<group>";
		};
		D1AF1FB91C664BD100CECB8B /* Products */ = {
			isa = PBXGroup;
			children = (
				D1AF1FB81C664BD100CECB8B /* XSourceNote.xcplugin */,
			);
			name = Products;
			sourceTree = "<group>";
		};
		D1AF1FBA1C664BD100CECB8B /* Frameworks */ = {
			isa = PBXGroup;
			children = (
				D1AA5DD21C820B80005DC6A7 /* DVTKit.framework */,
				D1AA5DD01C820B71005DC6A7 /* DVTFoundation.framework */,
				D1AA5DCE1C820B5B005DC6A7 /* Cocoa.framework */,
				D1AA5DCC1C820B46005DC6A7 /* IDEKit.framework */,
				D1AA5DCA1C820B3E005DC6A7 /* IDEFoundation.framework */,
				D1AA5DC81C820B25005DC6A7 /* DevToolsCore.framework */,
				D1AF1FBB1C664BD100CECB8B /* AppKit.framework */,
				D1AF1FBD1C664BD100CECB8B /* Foundation.framework */,
			);
			name = Frameworks;
			sourceTree = "<group>";
		};
		D1AF1FBF1C664BD100CECB8B /* XSourceNote */ = {
			isa = PBXGroup;
			children = (
				D1AA5DAE1C8208C9005DC6A7 /* Storage */,
				D1AA5DA71C8207A4005DC6A7 /* XcodeHeaders */,
				D1AA5D891C820799005DC6A7 /* MASShortcut */,
				D1AA5D851C820788005DC6A7 /* JRSwizzle */,
				D18CDC0E1C91C624003651E8 /* Plugin */,
				D18CDC0F1C91C660003651E8 /* Dataset */,
				D18CDC0D1C91C60F003651E8 /* ViewController */,
				D1AF1FC91C664BD100CECB8B /* Info.plist */,
				D1AF1FC01C664BD100CECB8B /* Supporting Files */,
				D18CDC101C91C67D003651E8 /* SubViews */,
			);
			path = XSourceNote;
			sourceTree = "<group>";
		};
		D1AF1FC01C664BD100CECB8B /* Supporting Files */ = {
			isa = PBXGroup;
			children = (
				D1AA5DAD1C820814005DC6A7 /* PrefixHeader.pch */,
				D1AF1FC11C664BD100CECB8B /* XSourceNote.xcscheme */,
			);
			name = "Supporting Files";
			sourceTree = "<group>";
		};
/* End PBXGroup section */

/* Begin PBXNativeTarget section */
		D1AF1FB71C664BD100CECB8B /* XSourceNote */ = {
			isa = PBXNativeTarget;
			buildConfigurationList = D1AF1FCC1C664BD100CECB8B /* Build configuration list for PBXNativeTarget "XSourceNote" */;
			buildPhases = (
				D1AF1FB41C664BD100CECB8B /* Sources */,
				D1AF1FB51C664BD100CECB8B /* Resources */,
				D1AF1FB61C664BD100CECB8B /* Frameworks */,
			);
			buildRules = (
			);
			dependencies = (
			);
			name = XSourceNote;
			productName = XSourceNote;
			productReference = D1AF1FB81C664BD100CECB8B /* XSourceNote.xcplugin */;
			productType = "com.apple.product-type.bundle";
		};
/* End PBXNativeTarget section */

/* Begin PBXProject section */
		D1AF1FB01C664BD100CECB8B /* Project object */ = {
			isa = PBXProject;
			attributes = {
				LastUpgradeCheck = 0720;
				ORGANIZATIONNAME = everettjf;
				TargetAttributes = {
					D1AF1FB71C664BD100CECB8B = {
						CreatedOnToolsVersion = 7.2;
					};
				};
			};
			buildConfigurationList = D1AF1FB31C664BD100CECB8B /* Build configuration list for PBXProject "XSourceNote" */;
			compatibilityVersion = "Xcode 3.2";
			developmentRegion = English;
			hasScannedForEncodings = 0;
			knownRegions = (
				en,
			);
			mainGroup = D1AF1FAF1C664BD100CECB8B;
			productRefGroup = D1AF1FB91C664BD100CECB8B /* Products */;
			projectDirPath = "";
			projectRoot = "";
			targets = (
				D1AF1FB71C664BD100CECB8B /* XSourceNote */,
			);
		};
/* End PBXProject section */

/* Begin PBXResourcesBuildPhase section */
		D1AF1FB51C664BD100CECB8B /* Resources */ = {
			isa = PBXResourcesBuildPhase;
			buildActionMask = 2147483647;
			files = (
				D1AF1FC21C664BD100CECB8B /* XSourceNote.xcscheme in Resources */,
				D1AA5DC41C8209D2005DC6A7 /* XSourceNotePreferencesWindowController.xib in Resources */,
				D1AA5DC71C8209D2005DC6A7 /* XSourceNoteWindowController.xib in Resources */,
			);
			runOnlyForDeploymentPostprocessing = 0;
		};
/* End PBXResourcesBuildPhase section */

/* Begin PBXSourcesBuildPhase section */
		D1AF1FB41C664BD100CECB8B /* Sources */ = {
			isa = PBXSourcesBuildPhase;
			buildActionMask = 2147483647;
			files = (
				D1AA5DC31C8209D2005DC6A7 /* XSourceNotePreferencesWindowController.m in Sources */,
				D1AA5DC01C8209D2005DC6A7 /* DVTTextSidebarView+XSourceNote.m in Sources */,
				D1AA5DA01C820799005DC6A7 /* MASLocalization.m in Sources */,
				D158AB101C91CFB80009DBE6 /* XSourceNoteCodeViewer.m in Sources */,
				D1AA5DA11C820799005DC6A7 /* MASShortcut.m in Sources */,
				D18CDC031C9058C2003651E8 /* XSourceNoteFormatter.m in Sources */,
				D1269DF91C83584200C6F728 /* README.md in Sources */,
				D1AA5DC51C8209D2005DC6A7 /* XSourceNoteUtil.m in Sources */,
				D1AA5DC61C8209D2005DC6A7 /* XSourceNoteWindowController.m in Sources */,
				D18CDBFE1C8DD535003651E8 /* XSNote.m in Sources */,
				D1499C331C8BDFA30099AECE /* XSourceNoteTableCellView.m in Sources */,
				D1AA5DA51C820799005DC6A7 /* MASShortcutView+Bindings.m in Sources */,
				D1AF1FC51C664BD100CECB8B /* XSourceNote.m in Sources */,
				D18CDC001C8DD535003651E8 /* XSStore.m in Sources */,
				D17825C81C8B31A4005F78FE /* XSourceNoteTableView.m in Sources */,
				D158AB0D1C91CDFB0009DBE6 /* XSourceNoteDataset.m in Sources */,
				D1AA5D881C820788005DC6A7 /* JRSwizzle.m in Sources */,
				D1269E021C84ACBB00C6F728 /* XSourceNoteStorage.m in Sources */,
				D1AA5DA31C820799005DC6A7 /* MASShortcutMonitor.m in Sources */,
				D1AA5DB11C8208F8005DC6A7 /* XSourceNote.xcdatamodeld in Sources */,
				D18CDBFF1C8DD535003651E8 /* XSStore+CoreDataProperties.m in Sources */,
				D1AA5DC11C8209D2005DC6A7 /* XSourceNoteDefaults.m in Sources */,
				D1AF1FC81C664BD100CECB8B /* NSObject_Extension.m in Sources */,
				D18CDBFD1C8DD535003651E8 /* XSNote+CoreDataProperties.m in Sources */,
				D1AA5DC21C8209D2005DC6A7 /* XSourceNoteModel.m in Sources */,
				D1AA5DA41C820799005DC6A7 /* MASShortcutValidator.m in Sources */,
				D1AA5DA61C820799005DC6A7 /* MASShortcutView.m in Sources */,
				D1AA5D9F1C820799005DC6A7 /* MASHotKey.m in Sources */,
				D1AA5D9E1C820799005DC6A7 /* MASDictionaryTransformer.m in Sources */,
				D18CDC0C1C91C5F8003651E8 /* XSourceNoteTextView.m in Sources */,
				D1AA5DA21C820799005DC6A7 /* MASShortcutBinder.m in Sources */,
			);
			runOnlyForDeploymentPostprocessing = 0;
		};
/* End PBXSourcesBuildPhase section */

/* Begin XCBuildConfiguration section */
		D1AF1FCA1C664BD100CECB8B /* Debug */ = {
			isa = XCBuildConfiguration;
			buildSettings = {
				ALWAYS_SEARCH_USER_PATHS = NO;
				CLANG_CXX_LANGUAGE_STANDARD = "gnu++0x";
				CLANG_CXX_LIBRARY = "libc++";
				CLANG_ENABLE_MODULES = YES;
				CLANG_ENABLE_OBJC_ARC = YES;
				CLANG_WARN_BOOL_CONVERSION = YES;
				CLANG_WARN_CONSTANT_CONVERSION = YES;
				CLANG_WARN_DIRECT_OBJC_ISA_USAGE = YES_ERROR;
				CLANG_WARN_EMPTY_BODY = YES;
				CLANG_WARN_ENUM_CONVERSION = YES;
				CLANG_WARN_INT_CONVERSION = YES;
				CLANG_WARN_OBJC_ROOT_CLASS = YES_ERROR;
				CLANG_WARN_UNREACHABLE_CODE = YES;
				CLANG_WARN__DUPLICATE_METHOD_MATCH = YES;
				COPY_PHASE_STRIP = NO;
				DEBUG_INFORMATION_FORMAT = dwarf;
				ENABLE_STRICT_OBJC_MSGSEND = YES;
				ENABLE_TESTABILITY = YES;
				GCC_C_LANGUAGE_STANDARD = gnu99;
				GCC_DYNAMIC_NO_PIC = NO;
				GCC_NO_COMMON_BLOCKS = YES;
				GCC_OPTIMIZATION_LEVEL = 0;
				GCC_PREPROCESSOR_DEFINITIONS = (
					"DEBUG=1",
					"$(inherited)",
				);
				GCC_WARN_64_TO_32_BIT_CONVERSION = YES;
				GCC_WARN_ABOUT_RETURN_TYPE = YES_ERROR;
				GCC_WARN_UNDECLARED_SELECTOR = YES;
				GCC_WARN_UNINITIALIZED_AUTOS = YES_AGGRESSIVE;
				GCC_WARN_UNUSED_FUNCTION = YES;
				GCC_WARN_UNUSED_VARIABLE = YES;
				MTL_ENABLE_DEBUG_INFO = YES;
				ONLY_ACTIVE_ARCH = YES;
			};
			name = Debug;
		};
		D1AF1FCB1C664BD100CECB8B /* Release */ = {
			isa = XCBuildConfiguration;
			buildSettings = {
				ALWAYS_SEARCH_USER_PATHS = NO;
				CLANG_CXX_LANGUAGE_STANDARD = "gnu++0x";
				CLANG_CXX_LIBRARY = "libc++";
				CLANG_ENABLE_MODULES = YES;
				CLANG_ENABLE_OBJC_ARC = YES;
				CLANG_WARN_BOOL_CONVERSION = YES;
				CLANG_WARN_CONSTANT_CONVERSION = YES;
				CLANG_WARN_DIRECT_OBJC_ISA_USAGE = YES_ERROR;
				CLANG_WARN_EMPTY_BODY = YES;
				CLANG_WARN_ENUM_CONVERSION = YES;
				CLANG_WARN_INT_CONVERSION = YES;
				CLANG_WARN_OBJC_ROOT_CLASS = YES_ERROR;
				CLANG_WARN_UNREACHABLE_CODE = YES;
				CLANG_WARN__DUPLICATE_METHOD_MATCH = YES;
				COPY_PHASE_STRIP = NO;
				DEBUG_INFORMATION_FORMAT = "dwarf-with-dsym";
				ENABLE_NS_ASSERTIONS = NO;
				ENABLE_STRICT_OBJC_MSGSEND = YES;
				GCC_C_LANGUAGE_STANDARD = gnu99;
				GCC_NO_COMMON_BLOCKS = YES;
				GCC_WARN_64_TO_32_BIT_CONVERSION = YES;
				GCC_WARN_ABOUT_RETURN_TYPE = YES_ERROR;
				GCC_WARN_UNDECLARED_SELECTOR = YES;
				GCC_WARN_UNINITIALIZED_AUTOS = YES_AGGRESSIVE;
				GCC_WARN_UNUSED_FUNCTION = YES;
				GCC_WARN_UNUSED_VARIABLE = YES;
				MTL_ENABLE_DEBUG_INFO = NO;
			};
			name = Release;
		};
		D1AF1FCD1C664BD100CECB8B /* Debug */ = {
			isa = XCBuildConfiguration;
			buildSettings = {
				COMBINE_HIDPI_IMAGES = YES;
				DEPLOYMENT_LOCATION = YES;
				DSTROOT = "$(HOME)";
				FRAMEWORK_SEARCH_PATHS = (
					/Applications/Xcode.app/Contents/OtherFrameworks,
					/Applications/Xcode.app/Contents/Frameworks,
					/Applications/Xcode.app/Contents/SharedFrameworks,
				);
				GCC_PREFIX_HEADER = XSourceNote/PrefixHeader.pch;
				HEADER_SEARCH_PATHS = XSourceNote/MagicalRecord;
				INFOPLIST_FILE = XSourceNote/Info.plist;
				INSTALL_PATH = "/Library/Application Support/Developer/Shared/Xcode/Plug-ins";
				MACOSX_DEPLOYMENT_TARGET = 10.11;
				PRODUCT_BUNDLE_IDENTIFIER = com.everettjf.XSourceNote;
				PRODUCT_NAME = "$(TARGET_NAME)";
				WRAPPER_EXTENSION = xcplugin;
			};
			name = Debug;
		};
		D1AF1FCE1C664BD100CECB8B /* Release */ = {
			isa = XCBuildConfiguration;
			buildSettings = {
				COMBINE_HIDPI_IMAGES = YES;
				DEPLOYMENT_LOCATION = YES;
				DSTROOT = "$(HOME)";
				FRAMEWORK_SEARCH_PATHS = (
					/Applications/Xcode.app/Contents/OtherFrameworks,
					/Applications/Xcode.app/Contents/Frameworks,
					/Applications/Xcode.app/Contents/SharedFrameworks,
				);
				GCC_PREFIX_HEADER = XSourceNote/PrefixHeader.pch;
				HEADER_SEARCH_PATHS = XSourceNote/MagicalRecord;
				INFOPLIST_FILE = XSourceNote/Info.plist;
				INSTALL_PATH = "/Library/Application Support/Developer/Shared/Xcode/Plug-ins";
				MACOSX_DEPLOYMENT_TARGET = 10.11;
				PRODUCT_BUNDLE_IDENTIFIER = com.everettjf.XSourceNote;
				PRODUCT_NAME = "$(TARGET_NAME)";
				WRAPPER_EXTENSION = xcplugin;
			};
			name = Release;
		};
/* End XCBuildConfiguration section */

/* Begin XCConfigurationList section */
		D1AF1FB31C664BD100CECB8B /* Build configuration list for PBXProject "XSourceNote" */ = {
			isa = XCConfigurationList;
			buildConfigurations = (
				D1AF1FCA1C664BD100CECB8B /* Debug */,
				D1AF1FCB1C664BD100CECB8B /* Release */,
			);
			defaultConfigurationIsVisible = 0;
			defaultConfigurationName = Release;
		};
		D1AF1FCC1C664BD100CECB8B /* Build configuration list for PBXNativeTarget "XSourceNote" */ = {
			isa = XCConfigurationList;
			buildConfigurations = (
				D1AF1FCD1C664BD100CECB8B /* Debug */,
				D1AF1FCE1C664BD100CECB8B /* Release */,
			);
			defaultConfigurationIsVisible = 0;
			defaultConfigurationName = Release;
		};
/* End XCConfigurationList section */

/* Begin XCVersionGroup section */
		D1AA5DAF1C8208F8005DC6A7 /* XSourceNote.xcdatamodeld */ = {
			isa = XCVersionGroup;
			children = (
				D1AA5DB01C8208F8005DC6A7 /* XSourceNote.xcdatamodel */,
			);
			currentVersion = D1AA5DB01C8208F8005DC6A7 /* XSourceNote.xcdatamodel */;
			name = XSourceNote.xcdatamodeld;
			path = Storage/XSourceNote.xcdatamodeld;
			sourceTree = "<group>";
			versionGroupType = wrapper.xcdatamodel;
		};
/* End XCVersionGroup section */
	};
	rootObject = D1AF1FB01C664BD100CECB8B /* Project object */;
}
